
Microsoft Visual Studio Solution File, Format Version 12.00
# Visual Studio Version 16
VisualStudioVersion = 16.0.33529.622
MinimumVisualStudioVersion = 10.0.40219.1
Project("{FAE04EC0-301F-11D3-BF4B-00C04F79EFBC}") = "REPRODUTOR SOUND E VIDEO .NET", "REPRODUTOR SOUND E VIDEO .NET\REPRODUTOR SOUND E VIDEO .NET.csproj", "{0F4DB3AC-A53E-4460-8D3D-C02FDA7671C9}"
EndProject
Global
	GlobalSection(SolutionConfigurationPlatforms) = preSolution
		Debug|Any CPU = Debug|Any CPU
		Release|Any CPU = Release|Any CPU
	EndGlobalSection
	GlobalSection(ProjectConfigurationPlatforms) = postSolution
		{0F4DB3AC-A53E-4460-8D3D-C02FDA7671C9}.Debug|Any CPU.ActiveCfg = Debug|Any CPU
		{0F4DB3AC-A53E-4460-8D3D-C02FDA7671C9}.Debug|Any CPU.Build.0 = Debug|Any CPU
		{0F4DB3AC-A53E-4460-8D3D-C02FDA7671C9}.Release|Any CPU.ActiveCfg = Release|Any CPU
		{0F4DB3AC-A53E-4460-8D3D-C02FDA7671C9}.Release|Any CPU.Build.0 = Release|Any CPU
	EndGlobalSection
	GlobalSection(SolutionProperties) = preSolution
		HideSolutionNode = FALSE
	EndGlobalSection
	GlobalSection(ExtensibilityGlobals) = postSolution
		SolutionGuid = {D6DEAEDE-DD12-4885-9FDE-4C0B6A35EFDD}
	EndGlobalSection
EndGlobal
