
Microsoft Visual Studio Solution File, Format Version 12.00
# Visual Studio Version 17
VisualStudioVersion = 17.2.32526.322
MinimumVisualStudioVersion = 10.0.40219.1
Project("{FAE04EC0-301F-11D3-BF4B-00C04F79EFBC}") = "DUCKMAN", "DUCKMAN.csproj", "{25167BE8-8A67-402B-983E-B4D0A9D1A29B}"
EndProject
Global
	GlobalSection(SolutionConfigurationPlatforms) = preSolution
		Debug|Any CPU = Debug|Any CPU
		Release|Any CPU = Release|Any CPU
	EndGlobalSection
	GlobalSection(ProjectConfigurationPlatforms) = postSolution
		{25167BE8-8A67-402B-983E-B4D0A9D1A29B}.Debug|Any CPU.ActiveCfg = Debug|Any CPU
		{25167BE8-8A67-402B-983E-B4D0A9D1A29B}.Debug|Any CPU.Build.0 = Debug|Any CPU
		{25167BE8-8A67-402B-983E-B4D0A9D1A29B}.Release|Any CPU.ActiveCfg = Release|Any CPU
		{25167BE8-8A67-402B-983E-B4D0A9D1A29B}.Release|Any CPU.Build.0 = Release|Any CPU
	EndGlobalSection
	GlobalSection(SolutionProperties) = preSolution
		HideSolutionNode = FALSE
	EndGlobalSection
	GlobalSection(ExtensibilityGlobals) = postSolution
		SolutionGuid = {37CFB2E0-2BFC-466F-BD0E-32F4D44C24DA}
	EndGlobalSection
EndGlobal
